// !$*UTF8*$!
{
	archiveVersion = 1;
	classes = {
	};
	objectVersion = 46;
	objects = {

/* Begin PBXBuildFile section */
		018CAFAE50FC38678F725065 /* OpportunityInteractor.swift in Sources */ = {isa = PBXBuildFile; fileRef = 3EE98B841C09B9B804ACD1B3 /* OpportunityInteractor.swift */; };
		0EEEBC398195F6997B61DC2E /* CarouselConfigurator.swift in Sources */ = {isa = PBXBuildFile; fileRef = 1C48086BE30D5A1C48C901E1 /* CarouselConfigurator.swift */; };
		1AE26E51637F54260AA2B2FA /* CarouselRouterTests.swift in Sources */ = {isa = PBXBuildFile; fileRef = 29E9534EAF7D0EE07AB0AF40 /* CarouselRouterTests.swift */; };
		1D5C8C50B49FD43FA037E785 /* OpportunityRouterTests.swift in Sources */ = {isa = PBXBuildFile; fileRef = 372D7E1F8427A875A0AE3B44 /* OpportunityRouterTests.swift */; };
		277C690C392EED9CA046CA5D /* OpportunityViewInput.swift in Sources */ = {isa = PBXBuildFile; fileRef = 5F2F3045AB013962F8C6B8E6 /* OpportunityViewInput.swift */; };
		2CFA7ECA1C8F2758DFC1B07C /* OpportunityViewTests.swift in Sources */ = {isa = PBXBuildFile; fileRef = 5F47CDB430BB9BFFC5285F45 /* OpportunityViewTests.swift */; };
		3EC0D94FA15883907A1A3441 /* OpportunityInteractorInput.swift in Sources */ = {isa = PBXBuildFile; fileRef = 396CF68A632EDAD3816F48FE /* OpportunityInteractorInput.swift */; };
		475387E3AB0DBEBE6BF543EA /* OpportunityViewOutput.swift in Sources */ = {isa = PBXBuildFile; fileRef = 48E49FF4DAFD5637E09AA543 /* OpportunityViewOutput.swift */; };
		4A36EE3E8A681D8460DAC0FF /* CarouselInteractor.swift in Sources */ = {isa = PBXBuildFile; fileRef = 6D1B7D5D542C6280F3E937F6 /* CarouselInteractor.swift */; };
		4AA5C5947498D7C0671B5581 /* CarouselPresenterTests.swift in Sources */ = {isa = PBXBuildFile; fileRef = E2330703DDA3758B513C89B2 /* CarouselPresenterTests.swift */; };
		4EDB6D92F52E96579801A735 /* OpportunityViewController.swift in Sources */ = {isa = PBXBuildFile; fileRef = F221C16A381EBC1B31C2F91A /* OpportunityViewController.swift */; };
		5D3E041C72249C2B7F84EA37 /* OpportunityRouterInput.swift in Sources */ = {isa = PBXBuildFile; fileRef = E09503B1D9EFBCD825CA9332 /* OpportunityRouterInput.swift */; };
		65218B7F318ED1D26FB5635E /* CarouselInteractorInput.swift in Sources */ = {isa = PBXBuildFile; fileRef = 4398F75B0836C67E31BE6434 /* CarouselInteractorInput.swift */; };
		6CA5C3DB662A1A9F4C7F4011 /* OpportunityConstants.swift in Sources */ = {isa = PBXBuildFile; fileRef = 2B90C0A8C10915374FC5A00E /* OpportunityConstants.swift */; };
		764E3D5FC8DE8D64B85BB55A /* CarouselPresenter.swift in Sources */ = {isa = PBXBuildFile; fileRef = 7BBA5DC8B4B54214F853E28E /* CarouselPresenter.swift */; };
		7BA296683815679BD6B8DB85 /* OpportunityPresenterTests.swift in Sources */ = {isa = PBXBuildFile; fileRef = B4C4E7D0A494D1F65AEF87CF /* OpportunityPresenterTests.swift */; };
		812C85057F9F07E3090F1E4A /* CarouselModuleInput.swift in Sources */ = {isa = PBXBuildFile; fileRef = BC8B66B2C70958697030D215 /* CarouselModuleInput.swift */; };
		879B3041E6D788B88C972BAC /* OpportunityInteractorOutput.swift in Sources */ = {isa = PBXBuildFile; fileRef = 8A86FD2D1EEAFAB2BCD48D50 /* OpportunityInteractorOutput.swift */; };
		88375A1CA11E85E57C35DFA5 /* OpportunityInitializer.swift in Sources */ = {isa = PBXBuildFile; fileRef = C914945AEB657313C5C223E0 /* OpportunityInitializer.swift */; };
		8A63FFDDA060220798A8BD4B /* CarouselViewInput.swift in Sources */ = {isa = PBXBuildFile; fileRef = 889172F0285DF881E57D7301 /* CarouselViewInput.swift */; };
		9A8BD9CF1E8F8C2C00515A66 /* YourWayTests.swift in Sources */ = {isa = PBXBuildFile; fileRef = 9A8BD9CE1E8F8C2C00515A66 /* YourWayTests.swift */; };
		9A8BD9F01E8F8CDF00515A66 /* Assets.xcassets in Resources */ = {isa = PBXBuildFile; fileRef = 9A8BD9EC1E8F8CDF00515A66 /* Assets.xcassets */; };
		9A8BD9F11E8F8CDF00515A66 /* LaunchScreen.storyboard in Resources */ = {isa = PBXBuildFile; fileRef = 9A8BD9ED1E8F8CDF00515A66 /* LaunchScreen.storyboard */; };
		9A8BD9F21E8F8CDF00515A66 /* Info.plist in Resources */ = {isa = PBXBuildFile; fileRef = 9A8BD9EF1E8F8CDF00515A66 /* Info.plist */; };
		9A8BD9F71E8F8CF700515A66 /* AppDelegate.swift in Sources */ = {isa = PBXBuildFile; fileRef = 9A8BD9F41E8F8CF700515A66 /* AppDelegate.swift */; };
		9A8BD9F91E8F95F900515A66 /* ViperTransitioning.swift in Sources */ = {isa = PBXBuildFile; fileRef = 9A8BD9F81E8F95F900515A66 /* ViperTransitioning.swift */; };
		9F4E8752417B336CDC04DAA7 /* CarouselConstants.swift in Sources */ = {isa = PBXBuildFile; fileRef = 0254C758F42C2B1825A7E728 /* CarouselConstants.swift */; };
		C0D8B9D22E11F8783087CD05 /* OpportunityPresenter.swift in Sources */ = {isa = PBXBuildFile; fileRef = 987AB886761FE42D79D9B169 /* OpportunityPresenter.swift */; };
		C979B83E87FD7145B181C9B4 /* CarouselInteractorTests.swift in Sources */ = {isa = PBXBuildFile; fileRef = 3402ABA3EC919A9EC4938236 /* CarouselInteractorTests.swift */; };
		D581D27ABC41DDD85B23F6F4 /* CarouselInitializer.swift in Sources */ = {isa = PBXBuildFile; fileRef = 21956D0C4C84BC16FCB1268C /* CarouselInitializer.swift */; };
		D7273C8035C716E20927B59D /* CarouselRouterInput.swift in Sources */ = {isa = PBXBuildFile; fileRef = 4DC44C0340861D7ACB5C9A39 /* CarouselRouterInput.swift */; };
		D79A30C0DDD4097042DDA270 /* CarouselViewTests.swift in Sources */ = {isa = PBXBuildFile; fileRef = FA087F1EC5BF4639FF138576 /* CarouselViewTests.swift */; };
		D880D2EC33986184EDC0B366 /* OpportunityInteractorTests.swift in Sources */ = {isa = PBXBuildFile; fileRef = 911BAE4561E23A8D2C14CE5D /* OpportunityInteractorTests.swift */; };
		D89704544E405343674FEC4D /* CarouselRouter.swift in Sources */ = {isa = PBXBuildFile; fileRef = 3C48AC5F3CFD351705AC6BA0 /* CarouselRouter.swift */; };
		D9A3B2B58DD880D4FBF258B0 /* OpportunityModuleInput.swift in Sources */ = {isa = PBXBuildFile; fileRef = CBCBA716197587D8FCF4EAA6 /* OpportunityModuleInput.swift */; };
		DFB43F0F76CABDCFB11DBBA0 /* CarouselViewOutput.swift in Sources */ = {isa = PBXBuildFile; fileRef = 6B690A05BE252DCEED459FF6 /* CarouselViewOutput.swift */; };
		E1315F65DA8A4E3607D7C092 /* OpportunityConfiguratorTests.swift in Sources */ = {isa = PBXBuildFile; fileRef = 96B271A7D0E27765F15067CA /* OpportunityConfiguratorTests.swift */; };
		EE6C67A303B0E3EBD3926199 /* CarouselViewController.swift in Sources */ = {isa = PBXBuildFile; fileRef = 832355E87D2DD60252FF1404 /* CarouselViewController.swift */; };
		F0646D89D8CF6B4C333E67B2 /* CarouselInteractorOutput.swift in Sources */ = {isa = PBXBuildFile; fileRef = 5F82293BB4607733CDF9A215 /* CarouselInteractorOutput.swift */; };
		F12F2AC71880039A81723CBB /* OpportunityRouter.swift in Sources */ = {isa = PBXBuildFile; fileRef = F70D7990F536588070EE42A5 /* OpportunityRouter.swift */; };
		F42DED747E6389BFEEF900F1 /* OpportunityConfigurator.swift in Sources */ = {isa = PBXBuildFile; fileRef = 4186469A6415089645BFCDB1 /* OpportunityConfigurator.swift */; };
		FDA1D3B2900938594058D7CE /* CarouselConfiguratorTests.swift in Sources */ = {isa = PBXBuildFile; fileRef = 2FA2238B9EC1BFA0C72835E2 /* CarouselConfiguratorTests.swift */; };
		FF0FD52B1E8F99B000A041BD /* iCarousel.m in Sources */ = {isa = PBXBuildFile; fileRef = FF0FD52A1E8F99B000A041BD /* iCarousel.m */; };
		FF0FD52D1E8F9C9800A041BD /* Carousel.storyboard in Resources */ = {isa = PBXBuildFile; fileRef = FF0FD52C1E8F9C9800A041BD /* Carousel.storyboard */; };
		FF0FD5301E8F9CB600A041BD /* CarouselCardViewController.swift in Sources */ = {isa = PBXBuildFile; fileRef = FF0FD52F1E8F9CB600A041BD /* CarouselCardViewController.swift */; };
		FF0FD5321E8F9EDB00A041BD /* CarouselCardViewModel.swift in Sources */ = {isa = PBXBuildFile; fileRef = FF0FD5311E8F9EDB00A041BD /* CarouselCardViewModel.swift */; };
		FF0FD5341E8F9F2400A041BD /* Constants.swift in Sources */ = {isa = PBXBuildFile; fileRef = FF0FD5331E8F9F2400A041BD /* Constants.swift */; };
		FF0FD5361E8FBF3200A041BD /* Opportunity.storyboard in Resources */ = {isa = PBXBuildFile; fileRef = FF0FD5351E8FBF3200A041BD /* Opportunity.storyboard */; };
		FF0FD5381E8FC28000A041BD /* OpportunityViewModel.swift in Sources */ = {isa = PBXBuildFile; fileRef = FF0FD5371E8FC28000A041BD /* OpportunityViewModel.swift */; };
		FF0FD53A1E8FC5D300A041BD /* YourWayButton.swift in Sources */ = {isa = PBXBuildFile; fileRef = FF0FD5391E8FC5D300A041BD /* YourWayButton.swift */; };
		FF0FD53C1E8FC6C800A041BD /* BlurredNavigationBar.swift in Sources */ = {isa = PBXBuildFile; fileRef = FF0FD53B1E8FC6C800A041BD /* BlurredNavigationBar.swift */; };
/* End PBXBuildFile section */

/* Begin PBXContainerItemProxy section */
		9A8BD9CB1E8F8C2C00515A66 /* PBXContainerItemProxy */ = {
			isa = PBXContainerItemProxy;
			containerPortal = 9A8BD9AE1E8F8C2C00515A66 /* Project object */;
			proxyType = 1;
			remoteGlobalIDString = 9A8BD9B51E8F8C2C00515A66;
			remoteInfo = YourWay;
		};
/* End PBXContainerItemProxy section */

/* Begin PBXFileReference section */
		0254C758F42C2B1825A7E728 /* CarouselConstants.swift */ = {isa = PBXFileReference; includeInIndex = 1; lastKnownFileType = sourcecode.swift; path = CarouselConstants.swift; sourceTree = "<group>"; };
		1C48086BE30D5A1C48C901E1 /* CarouselConfigurator.swift */ = {isa = PBXFileReference; includeInIndex = 1; lastKnownFileType = sourcecode.swift; path = CarouselConfigurator.swift; sourceTree = "<group>"; };
		21956D0C4C84BC16FCB1268C /* CarouselInitializer.swift */ = {isa = PBXFileReference; includeInIndex = 1; lastKnownFileType = sourcecode.swift; path = CarouselInitializer.swift; sourceTree = "<group>"; };
		29E9534EAF7D0EE07AB0AF40 /* CarouselRouterTests.swift */ = {isa = PBXFileReference; includeInIndex = 1; lastKnownFileType = sourcecode.swift; path = CarouselRouterTests.swift; sourceTree = "<group>"; };
		2B90C0A8C10915374FC5A00E /* OpportunityConstants.swift */ = {isa = PBXFileReference; includeInIndex = 1; lastKnownFileType = sourcecode.swift; path = OpportunityConstants.swift; sourceTree = "<group>"; };
		2FA2238B9EC1BFA0C72835E2 /* CarouselConfiguratorTests.swift */ = {isa = PBXFileReference; includeInIndex = 1; lastKnownFileType = sourcecode.swift; path = CarouselConfiguratorTests.swift; sourceTree = "<group>"; };
		3402ABA3EC919A9EC4938236 /* CarouselInteractorTests.swift */ = {isa = PBXFileReference; includeInIndex = 1; lastKnownFileType = sourcecode.swift; path = CarouselInteractorTests.swift; sourceTree = "<group>"; };
		372D7E1F8427A875A0AE3B44 /* OpportunityRouterTests.swift */ = {isa = PBXFileReference; includeInIndex = 1; lastKnownFileType = sourcecode.swift; path = OpportunityRouterTests.swift; sourceTree = "<group>"; };
		396CF68A632EDAD3816F48FE /* OpportunityInteractorInput.swift */ = {isa = PBXFileReference; includeInIndex = 1; lastKnownFileType = sourcecode.swift; path = OpportunityInteractorInput.swift; sourceTree = "<group>"; };
		3C48AC5F3CFD351705AC6BA0 /* CarouselRouter.swift */ = {isa = PBXFileReference; includeInIndex = 1; lastKnownFileType = sourcecode.swift; path = CarouselRouter.swift; sourceTree = "<group>"; };
		3EE98B841C09B9B804ACD1B3 /* OpportunityInteractor.swift */ = {isa = PBXFileReference; includeInIndex = 1; lastKnownFileType = sourcecode.swift; path = OpportunityInteractor.swift; sourceTree = "<group>"; };
		4186469A6415089645BFCDB1 /* OpportunityConfigurator.swift */ = {isa = PBXFileReference; includeInIndex = 1; lastKnownFileType = sourcecode.swift; path = OpportunityConfigurator.swift; sourceTree = "<group>"; };
		4398F75B0836C67E31BE6434 /* CarouselInteractorInput.swift */ = {isa = PBXFileReference; includeInIndex = 1; lastKnownFileType = sourcecode.swift; path = CarouselInteractorInput.swift; sourceTree = "<group>"; };
		48E49FF4DAFD5637E09AA543 /* OpportunityViewOutput.swift */ = {isa = PBXFileReference; includeInIndex = 1; lastKnownFileType = sourcecode.swift; path = OpportunityViewOutput.swift; sourceTree = "<group>"; };
		4DC44C0340861D7ACB5C9A39 /* CarouselRouterInput.swift */ = {isa = PBXFileReference; includeInIndex = 1; lastKnownFileType = sourcecode.swift; path = CarouselRouterInput.swift; sourceTree = "<group>"; };
		5F2F3045AB013962F8C6B8E6 /* OpportunityViewInput.swift */ = {isa = PBXFileReference; includeInIndex = 1; lastKnownFileType = sourcecode.swift; path = OpportunityViewInput.swift; sourceTree = "<group>"; };
		5F47CDB430BB9BFFC5285F45 /* OpportunityViewTests.swift */ = {isa = PBXFileReference; includeInIndex = 1; lastKnownFileType = sourcecode.swift; path = OpportunityViewTests.swift; sourceTree = "<group>"; };
		5F82293BB4607733CDF9A215 /* CarouselInteractorOutput.swift */ = {isa = PBXFileReference; includeInIndex = 1; lastKnownFileType = sourcecode.swift; path = CarouselInteractorOutput.swift; sourceTree = "<group>"; };
		6B690A05BE252DCEED459FF6 /* CarouselViewOutput.swift */ = {isa = PBXFileReference; includeInIndex = 1; lastKnownFileType = sourcecode.swift; path = CarouselViewOutput.swift; sourceTree = "<group>"; };
		6D1B7D5D542C6280F3E937F6 /* CarouselInteractor.swift */ = {isa = PBXFileReference; includeInIndex = 1; lastKnownFileType = sourcecode.swift; path = CarouselInteractor.swift; sourceTree = "<group>"; };
		7BBA5DC8B4B54214F853E28E /* CarouselPresenter.swift */ = {isa = PBXFileReference; includeInIndex = 1; lastKnownFileType = sourcecode.swift; path = CarouselPresenter.swift; sourceTree = "<group>"; };
		832355E87D2DD60252FF1404 /* CarouselViewController.swift */ = {isa = PBXFileReference; includeInIndex = 1; lastKnownFileType = sourcecode.swift; path = CarouselViewController.swift; sourceTree = "<group>"; };
		889172F0285DF881E57D7301 /* CarouselViewInput.swift */ = {isa = PBXFileReference; includeInIndex = 1; lastKnownFileType = sourcecode.swift; path = CarouselViewInput.swift; sourceTree = "<group>"; };
		8A86FD2D1EEAFAB2BCD48D50 /* OpportunityInteractorOutput.swift */ = {isa = PBXFileReference; includeInIndex = 1; lastKnownFileType = sourcecode.swift; path = OpportunityInteractorOutput.swift; sourceTree = "<group>"; };
		911BAE4561E23A8D2C14CE5D /* OpportunityInteractorTests.swift */ = {isa = PBXFileReference; includeInIndex = 1; lastKnownFileType = sourcecode.swift; path = OpportunityInteractorTests.swift; sourceTree = "<group>"; };
		96B271A7D0E27765F15067CA /* OpportunityConfiguratorTests.swift */ = {isa = PBXFileReference; includeInIndex = 1; lastKnownFileType = sourcecode.swift; path = OpportunityConfiguratorTests.swift; sourceTree = "<group>"; };
		987AB886761FE42D79D9B169 /* OpportunityPresenter.swift */ = {isa = PBXFileReference; includeInIndex = 1; lastKnownFileType = sourcecode.swift; path = OpportunityPresenter.swift; sourceTree = "<group>"; };
		9A8BD9B61E8F8C2C00515A66 /* YourWay.app */ = {isa = PBXFileReference; explicitFileType = wrapper.application; includeInIndex = 0; path = YourWay.app; sourceTree = BUILT_PRODUCTS_DIR; };
		9A8BD9CA1E8F8C2C00515A66 /* YourWayTests.xctest */ = {isa = PBXFileReference; explicitFileType = wrapper.cfbundle; includeInIndex = 0; path = YourWayTests.xctest; sourceTree = BUILT_PRODUCTS_DIR; };
		9A8BD9CE1E8F8C2C00515A66 /* YourWayTests.swift */ = {isa = PBXFileReference; lastKnownFileType = sourcecode.swift; path = YourWayTests.swift; sourceTree = "<group>"; };
		9A8BD9D01E8F8C2C00515A66 /* Info.plist */ = {isa = PBXFileReference; lastKnownFileType = text.plist.xml; path = Info.plist; sourceTree = "<group>"; };
		9A8BD9EC1E8F8CDF00515A66 /* Assets.xcassets */ = {isa = PBXFileReference; lastKnownFileType = folder.assetcatalog; path = Assets.xcassets; sourceTree = "<group>"; };
		9A8BD9EE1E8F8CDF00515A66 /* Base */ = {isa = PBXFileReference; lastKnownFileType = file.storyboard; name = Base; path = Base.lproj/LaunchScreen.storyboard; sourceTree = "<group>"; };
		9A8BD9EF1E8F8CDF00515A66 /* Info.plist */ = {isa = PBXFileReference; fileEncoding = 4; lastKnownFileType = text.plist.xml; path = Info.plist; sourceTree = "<group>"; };
		9A8BD9F41E8F8CF700515A66 /* AppDelegate.swift */ = {isa = PBXFileReference; fileEncoding = 4; lastKnownFileType = sourcecode.swift; path = AppDelegate.swift; sourceTree = "<group>"; };
		9A8BD9F81E8F95F900515A66 /* ViperTransitioning.swift */ = {isa = PBXFileReference; fileEncoding = 4; lastKnownFileType = sourcecode.swift; path = ViperTransitioning.swift; sourceTree = "<group>"; };
		B4C4E7D0A494D1F65AEF87CF /* OpportunityPresenterTests.swift */ = {isa = PBXFileReference; includeInIndex = 1; lastKnownFileType = sourcecode.swift; path = OpportunityPresenterTests.swift; sourceTree = "<group>"; };
		BC8B66B2C70958697030D215 /* CarouselModuleInput.swift */ = {isa = PBXFileReference; includeInIndex = 1; lastKnownFileType = sourcecode.swift; path = CarouselModuleInput.swift; sourceTree = "<group>"; };
		C914945AEB657313C5C223E0 /* OpportunityInitializer.swift */ = {isa = PBXFileReference; includeInIndex = 1; lastKnownFileType = sourcecode.swift; path = OpportunityInitializer.swift; sourceTree = "<group>"; };
		CBCBA716197587D8FCF4EAA6 /* OpportunityModuleInput.swift */ = {isa = PBXFileReference; includeInIndex = 1; lastKnownFileType = sourcecode.swift; path = OpportunityModuleInput.swift; sourceTree = "<group>"; };
		E09503B1D9EFBCD825CA9332 /* OpportunityRouterInput.swift */ = {isa = PBXFileReference; includeInIndex = 1; lastKnownFileType = sourcecode.swift; path = OpportunityRouterInput.swift; sourceTree = "<group>"; };
		E2330703DDA3758B513C89B2 /* CarouselPresenterTests.swift */ = {isa = PBXFileReference; includeInIndex = 1; lastKnownFileType = sourcecode.swift; path = CarouselPresenterTests.swift; sourceTree = "<group>"; };
		F221C16A381EBC1B31C2F91A /* OpportunityViewController.swift */ = {isa = PBXFileReference; includeInIndex = 1; lastKnownFileType = sourcecode.swift; path = OpportunityViewController.swift; sourceTree = "<group>"; };
		F70D7990F536588070EE42A5 /* OpportunityRouter.swift */ = {isa = PBXFileReference; includeInIndex = 1; lastKnownFileType = sourcecode.swift; path = OpportunityRouter.swift; sourceTree = "<group>"; };
		FA087F1EC5BF4639FF138576 /* CarouselViewTests.swift */ = {isa = PBXFileReference; includeInIndex = 1; lastKnownFileType = sourcecode.swift; path = CarouselViewTests.swift; sourceTree = "<group>"; };
		FF0FD5281E8F99AF00A041BD /* YourWay-Bridging-Header.h */ = {isa = PBXFileReference; lastKnownFileType = sourcecode.c.h; path = "YourWay-Bridging-Header.h"; sourceTree = "<group>"; };
		FF0FD5291E8F99B000A041BD /* iCarousel.h */ = {isa = PBXFileReference; fileEncoding = 4; lastKnownFileType = sourcecode.c.h; path = iCarousel.h; sourceTree = "<group>"; };
		FF0FD52A1E8F99B000A041BD /* iCarousel.m */ = {isa = PBXFileReference; fileEncoding = 4; lastKnownFileType = sourcecode.c.objc; path = iCarousel.m; sourceTree = "<group>"; };
		FF0FD52C1E8F9C9800A041BD /* Carousel.storyboard */ = {isa = PBXFileReference; fileEncoding = 4; lastKnownFileType = file.storyboard; path = Carousel.storyboard; sourceTree = "<group>"; };
		FF0FD52F1E8F9CB600A041BD /* CarouselCardViewController.swift */ = {isa = PBXFileReference; fileEncoding = 4; lastKnownFileType = sourcecode.swift; path = CarouselCardViewController.swift; sourceTree = "<group>"; };
		FF0FD5311E8F9EDB00A041BD /* CarouselCardViewModel.swift */ = {isa = PBXFileReference; fileEncoding = 4; lastKnownFileType = sourcecode.swift; path = CarouselCardViewModel.swift; sourceTree = "<group>"; };
		FF0FD5331E8F9F2400A041BD /* Constants.swift */ = {isa = PBXFileReference; fileEncoding = 4; lastKnownFileType = sourcecode.swift; path = Constants.swift; sourceTree = "<group>"; };
		FF0FD5351E8FBF3200A041BD /* Opportunity.storyboard */ = {isa = PBXFileReference; fileEncoding = 4; lastKnownFileType = file.storyboard; path = Opportunity.storyboard; sourceTree = "<group>"; };
		FF0FD5371E8FC28000A041BD /* OpportunityViewModel.swift */ = {isa = PBXFileReference; fileEncoding = 4; lastKnownFileType = sourcecode.swift; path = OpportunityViewModel.swift; sourceTree = "<group>"; };
		FF0FD5391E8FC5D300A041BD /* YourWayButton.swift */ = {isa = PBXFileReference; fileEncoding = 4; lastKnownFileType = sourcecode.swift; path = YourWayButton.swift; sourceTree = "<group>"; };
		FF0FD53B1E8FC6C800A041BD /* BlurredNavigationBar.swift */ = {isa = PBXFileReference; fileEncoding = 4; lastKnownFileType = sourcecode.swift; path = BlurredNavigationBar.swift; sourceTree = "<group>"; };
/* End PBXFileReference section */

/* Begin PBXFrameworksBuildPhase section */
		9A8BD9B31E8F8C2C00515A66 /* Frameworks */ = {
			isa = PBXFrameworksBuildPhase;
			buildActionMask = 2147483647;
			files = (
			);
			runOnlyForDeploymentPostprocessing = 0;
		};
		9A8BD9C71E8F8C2C00515A66 /* Frameworks */ = {
			isa = PBXFrameworksBuildPhase;
			buildActionMask = 2147483647;
			files = (
			);
			runOnlyForDeploymentPostprocessing = 0;
		};
/* End PBXFrameworksBuildPhase section */

/* Begin PBXGroup section */
		02017F9F010C202EAB8CC766 /* Router */ = {
			isa = PBXGroup;
			children = (
				29E9534EAF7D0EE07AB0AF40 /* CarouselRouterTests.swift */,
			);
			path = Router;
			sourceTree = "<group>";
		};
		0994330D7726D40F4B618E52 /* View */ = {
			isa = PBXGroup;
			children = (
				FF0FD5371E8FC28000A041BD /* OpportunityViewModel.swift */,
				5F2F3045AB013962F8C6B8E6 /* OpportunityViewInput.swift */,
				48E49FF4DAFD5637E09AA543 /* OpportunityViewOutput.swift */,
				F221C16A381EBC1B31C2F91A /* OpportunityViewController.swift */,
				FF0FD5351E8FBF3200A041BD /* Opportunity.storyboard */,
			);
			path = View;
			sourceTree = "<group>";
		};
		1675C4F6FD86B0BE008CF155 /* Interactor */ = {
			isa = PBXGroup;
			children = (
				3402ABA3EC919A9EC4938236 /* CarouselInteractorTests.swift */,
			);
			path = Interactor;
			sourceTree = "<group>";
		};
		207E7EC88544DB62DFB704C1 /* Opportunity */ = {
			isa = PBXGroup;
			children = (
				3BB983D1821993686E49846C /* Configurator */,
				7BFD42A219866D2F6E47E98F /* View */,
				4C12B2C1113FEBC25DFC4C6A /* Interactor */,
				43E2DF5A0C165E3B558D6E67 /* Presenter */,
				4804C6E94761E2988D61BF40 /* Router */,
			);
			path = Opportunity;
			sourceTree = "<group>";
		};
		21BF46A911D87446A74AAD6E /* Presenter */ = {
			isa = PBXGroup;
			children = (
				CBCBA716197587D8FCF4EAA6 /* OpportunityModuleInput.swift */,
				987AB886761FE42D79D9B169 /* OpportunityPresenter.swift */,
			);
			path = Presenter;
			sourceTree = "<group>";
		};
		2E0D4B9A618125B2BA881E49 /* Interactor */ = {
			isa = PBXGroup;
			children = (
				396CF68A632EDAD3816F48FE /* OpportunityInteractorInput.swift */,
				8A86FD2D1EEAFAB2BCD48D50 /* OpportunityInteractorOutput.swift */,
				3EE98B841C09B9B804ACD1B3 /* OpportunityInteractor.swift */,
			);
			path = Interactor;
			sourceTree = "<group>";
		};
		33C437A9D3CCBC5D895CAD87 /* Opportunity */ = {
			isa = PBXGroup;
			children = (
				0994330D7726D40F4B618E52 /* View */,
				21BF46A911D87446A74AAD6E /* Presenter */,
				2E0D4B9A618125B2BA881E49 /* Interactor */,
				5B6138F3792C415DF68EBCC8 /* Router */,
				DFAA7CDA0D9352EB85236F6C /* Configurator */,
				2B90C0A8C10915374FC5A00E /* OpportunityConstants.swift */,
			);
			path = Opportunity;
			sourceTree = "<group>";
		};
		3BB983D1821993686E49846C /* Configurator */ = {
			isa = PBXGroup;
			children = (
				96B271A7D0E27765F15067CA /* OpportunityConfiguratorTests.swift */,
			);
			path = Configurator;
			sourceTree = "<group>";
		};
		43DB0B94189EB213E6B93F74 /* Tests */ = {
			isa = PBXGroup;
			children = (
				CA115438D95E47725015FD8D /* Unit */,
			);
			path = Tests;
			sourceTree = "<group>";
		};
		43E2DF5A0C165E3B558D6E67 /* Presenter */ = {
			isa = PBXGroup;
			children = (
				B4C4E7D0A494D1F65AEF87CF /* OpportunityPresenterTests.swift */,
			);
			path = Presenter;
			sourceTree = "<group>";
		};
		4804C6E94761E2988D61BF40 /* Router */ = {
			isa = PBXGroup;
			children = (
				372D7E1F8427A875A0AE3B44 /* OpportunityRouterTests.swift */,
			);
			path = Router;
			sourceTree = "<group>";
		};
		4C12B2C1113FEBC25DFC4C6A /* Interactor */ = {
			isa = PBXGroup;
			children = (
				911BAE4561E23A8D2C14CE5D /* OpportunityInteractorTests.swift */,
			);
			path = Interactor;
			sourceTree = "<group>";
		};
		53B5B7312DD30903FCF09EC8 /* View */ = {
			isa = PBXGroup;
			children = (
				FA087F1EC5BF4639FF138576 /* CarouselViewTests.swift */,
			);
			path = View;
			sourceTree = "<group>";
		};
		5B6138F3792C415DF68EBCC8 /* Router */ = {
			isa = PBXGroup;
			children = (
				E09503B1D9EFBCD825CA9332 /* OpportunityRouterInput.swift */,
				F70D7990F536588070EE42A5 /* OpportunityRouter.swift */,
			);
			path = Router;
			sourceTree = "<group>";
		};
		6D84BAE1B76C6675F21D39BA /* Configurator */ = {
			isa = PBXGroup;
			children = (
				2FA2238B9EC1BFA0C72835E2 /* CarouselConfiguratorTests.swift */,
			);
			path = Configurator;
			sourceTree = "<group>";
		};
		7881705F28E02A2198FF5C73 /* Interactor */ = {
			isa = PBXGroup;
			children = (
				4398F75B0836C67E31BE6434 /* CarouselInteractorInput.swift */,
				5F82293BB4607733CDF9A215 /* CarouselInteractorOutput.swift */,
				6D1B7D5D542C6280F3E937F6 /* CarouselInteractor.swift */,
			);
			path = Interactor;
			sourceTree = "<group>";
		};
		7B62B32226E335E7D9D8C972 /* View */ = {
			isa = PBXGroup;
			children = (
				FF0FD52E1E8F9CA600A041BD /* Card */,
				889172F0285DF881E57D7301 /* CarouselViewInput.swift */,
				6B690A05BE252DCEED459FF6 /* CarouselViewOutput.swift */,
				832355E87D2DD60252FF1404 /* CarouselViewController.swift */,
				FF0FD52C1E8F9C9800A041BD /* Carousel.storyboard */,
			);
			path = View;
			sourceTree = "<group>";
		};
		7BFD42A219866D2F6E47E98F /* View */ = {
			isa = PBXGroup;
			children = (
				5F47CDB430BB9BFFC5285F45 /* OpportunityViewTests.swift */,
			);
			path = View;
			sourceTree = "<group>";
		};
		946917B0D794E9EBDB7422B3 /* Presenter */ = {
			isa = PBXGroup;
			children = (
				BC8B66B2C70958697030D215 /* CarouselModuleInput.swift */,
				7BBA5DC8B4B54214F853E28E /* CarouselPresenter.swift */,
			);
			path = Presenter;
			sourceTree = "<group>";
		};
		950CD988EA09124FA543E440 /* Carousel */ = {
			isa = PBXGroup;
			children = (
				7B62B32226E335E7D9D8C972 /* View */,
				946917B0D794E9EBDB7422B3 /* Presenter */,
				7881705F28E02A2198FF5C73 /* Interactor */,
				BB45A177CA069CDE3D28CB04 /* Router */,
				9CB8FBEBAE09803F18C5E236 /* Configurator */,
				0254C758F42C2B1825A7E728 /* CarouselConstants.swift */,
			);
			path = Carousel;
			sourceTree = "<group>";
		};
		95CC0272F6D2A19ADC809739 /* Presenter */ = {
			isa = PBXGroup;
			children = (
				E2330703DDA3758B513C89B2 /* CarouselPresenterTests.swift */,
			);
			path = Presenter;
			sourceTree = "<group>";
		};
		9A8BD9AD1E8F8C2C00515A66 = {
			isa = PBXGroup;
			children = (
				9A8BD9B81E8F8C2C00515A66 /* YourWay */,
				9A8BD9CD1E8F8C2C00515A66 /* YourWayTests */,
				9A8BD9B71E8F8C2C00515A66 /* Products */,
			);
			sourceTree = "<group>";
		};
		9A8BD9B71E8F8C2C00515A66 /* Products */ = {
			isa = PBXGroup;
			children = (
				9A8BD9B61E8F8C2C00515A66 /* YourWay.app */,
				9A8BD9CA1E8F8C2C00515A66 /* YourWayTests.xctest */,
			);
			name = Products;
			sourceTree = "<group>";
		};
		9A8BD9B81E8F8C2C00515A66 /* YourWay */ = {
			isa = PBXGroup;
			children = (
				9A8BD9F31E8F8CF700515A66 /* Source */,
				9A8BD9EB1E8F8CDF00515A66 /* Resources */,
				43DB0B94189EB213E6B93F74 /* Tests */,
			);
			path = YourWay;
			sourceTree = "<group>";
		};
		9A8BD9CD1E8F8C2C00515A66 /* YourWayTests */ = {
			isa = PBXGroup;
			children = (
				9A8BD9CE1E8F8C2C00515A66 /* YourWayTests.swift */,
				9A8BD9D01E8F8C2C00515A66 /* Info.plist */,
			);
			path = YourWayTests;
			sourceTree = "<group>";
		};
		9A8BD9EB1E8F8CDF00515A66 /* Resources */ = {
			isa = PBXGroup;
			children = (
				FF0FD5281E8F99AF00A041BD /* YourWay-Bridging-Header.h */,
				9A8BD9EC1E8F8CDF00515A66 /* Assets.xcassets */,
				9A8BD9ED1E8F8CDF00515A66 /* LaunchScreen.storyboard */,
				9A8BD9EF1E8F8CDF00515A66 /* Info.plist */,
			);
			path = Resources;
			sourceTree = "<group>";
		};
		9A8BD9F31E8F8CF700515A66 /* Source */ = {
			isa = PBXGroup;
			children = (
				9A8BD9F41E8F8CF700515A66 /* AppDelegate.swift */,
				9A8BD9F51E8F8CF700515A66 /* Common */,
				9A8BD9F61E8F8CF700515A66 /* Modules */,
			);
			path = Source;
			sourceTree = "<group>";
		};
		9A8BD9F51E8F8CF700515A66 /* Common */ = {
			isa = PBXGroup;
			children = (
				FF0FD5271E8F998300A041BD /* View */,
				9A8BD9F81E8F95F900515A66 /* ViperTransitioning.swift */,
				FF0FD5331E8F9F2400A041BD /* Constants.swift */,
			);
			path = Common;
			sourceTree = "<group>";
		};
		9A8BD9F61E8F8CF700515A66 /* Modules */ = {
			isa = PBXGroup;
			children = (
				950CD988EA09124FA543E440 /* Carousel */,
				33C437A9D3CCBC5D895CAD87 /* Opportunity */,
			);
			path = Modules;
			sourceTree = "<group>";
		};
		9CB8FBEBAE09803F18C5E236 /* Configurator */ = {
			isa = PBXGroup;
			children = (
				1C48086BE30D5A1C48C901E1 /* CarouselConfigurator.swift */,
				21956D0C4C84BC16FCB1268C /* CarouselInitializer.swift */,
			);
			path = Configurator;
			sourceTree = "<group>";
		};
		BB45A177CA069CDE3D28CB04 /* Router */ = {
			isa = PBXGroup;
			children = (
				4DC44C0340861D7ACB5C9A39 /* CarouselRouterInput.swift */,
				3C48AC5F3CFD351705AC6BA0 /* CarouselRouter.swift */,
			);
			path = Router;
			sourceTree = "<group>";
		};
		CA115438D95E47725015FD8D /* Unit */ = {
			isa = PBXGroup;
			children = (
				F9A72D5A0E3A12AC53E4D2C9 /* Carousel */,
				207E7EC88544DB62DFB704C1 /* Opportunity */,
			);
			path = Unit;
			sourceTree = "<group>";
		};
		DFAA7CDA0D9352EB85236F6C /* Configurator */ = {
			isa = PBXGroup;
			children = (
				4186469A6415089645BFCDB1 /* OpportunityConfigurator.swift */,
				C914945AEB657313C5C223E0 /* OpportunityInitializer.swift */,
			);
			path = Configurator;
			sourceTree = "<group>";
		};
		F9A72D5A0E3A12AC53E4D2C9 /* Carousel */ = {
			isa = PBXGroup;
			children = (
				6D84BAE1B76C6675F21D39BA /* Configurator */,
				53B5B7312DD30903FCF09EC8 /* View */,
				1675C4F6FD86B0BE008CF155 /* Interactor */,
				95CC0272F6D2A19ADC809739 /* Presenter */,
				02017F9F010C202EAB8CC766 /* Router */,
			);
			path = Carousel;
			sourceTree = "<group>";
		};
		FF0FD5271E8F998300A041BD /* View */ = {
			isa = PBXGroup;
			children = (
				FF0FD5291E8F99B000A041BD /* iCarousel.h */,
				FF0FD52A1E8F99B000A041BD /* iCarousel.m */,
				FF0FD5391E8FC5D300A041BD /* YourWayButton.swift */,
				FF0FD53B1E8FC6C800A041BD /* BlurredNavigationBar.swift */,
			);
			path = View;
			sourceTree = "<group>";
		};
		FF0FD52E1E8F9CA600A041BD /* Card */ = {
			isa = PBXGroup;
			children = (
				FF0FD52F1E8F9CB600A041BD /* CarouselCardViewController.swift */,
				FF0FD5311E8F9EDB00A041BD /* CarouselCardViewModel.swift */,
			);
			name = Card;
			sourceTree = "<group>";
		};
/* End PBXGroup section */

/* Begin PBXNativeTarget section */
		9A8BD9B51E8F8C2C00515A66 /* YourWay */ = {
			isa = PBXNativeTarget;
			buildConfigurationList = 9A8BD9D31E8F8C2C00515A66 /* Build configuration list for PBXNativeTarget "YourWay" */;
			buildPhases = (
				9A8BD9B21E8F8C2C00515A66 /* Sources */,
				9A8BD9B31E8F8C2C00515A66 /* Frameworks */,
				9A8BD9B41E8F8C2C00515A66 /* Resources */,
			);
			buildRules = (
			);
			dependencies = (
			);
			name = YourWay;
			productName = YourWay;
			productReference = 9A8BD9B61E8F8C2C00515A66 /* YourWay.app */;
			productType = "com.apple.product-type.application";
		};
		9A8BD9C91E8F8C2C00515A66 /* YourWayTests */ = {
			isa = PBXNativeTarget;
			buildConfigurationList = 9A8BD9D61E8F8C2C00515A66 /* Build configuration list for PBXNativeTarget "YourWayTests" */;
			buildPhases = (
				9A8BD9C61E8F8C2C00515A66 /* Sources */,
				9A8BD9C71E8F8C2C00515A66 /* Frameworks */,
				9A8BD9C81E8F8C2C00515A66 /* Resources */,
			);
			buildRules = (
			);
			dependencies = (
				9A8BD9CC1E8F8C2C00515A66 /* PBXTargetDependency */,
			);
			name = YourWayTests;
			productName = YourWayTests;
			productReference = 9A8BD9CA1E8F8C2C00515A66 /* YourWayTests.xctest */;
			productType = "com.apple.product-type.bundle.unit-test";
		};
/* End PBXNativeTarget section */

/* Begin PBXProject section */
		9A8BD9AE1E8F8C2C00515A66 /* Project object */ = {
			isa = PBXProject;
			attributes = {
				LastSwiftUpdateCheck = 0820;
				LastUpgradeCheck = 0820;
				ORGANIZATIONNAME = MPK;
				TargetAttributes = {
					9A8BD9B51E8F8C2C00515A66 = {
						CreatedOnToolsVersion = 8.2.1;
						DevelopmentTeam = 553S8YDWZN;
						LastSwiftMigration = 0820;
						ProvisioningStyle = Manual;
					};
					9A8BD9C91E8F8C2C00515A66 = {
						CreatedOnToolsVersion = 8.2.1;
						DevelopmentTeam = 553S8YDWZN;
						ProvisioningStyle = Automatic;
						TestTargetID = 9A8BD9B51E8F8C2C00515A66;
					};
				};
			};
			buildConfigurationList = 9A8BD9B11E8F8C2C00515A66 /* Build configuration list for PBXProject "YourWay" */;
			compatibilityVersion = "Xcode 3.2";
			developmentRegion = English;
			hasScannedForEncodings = 0;
			knownRegions = (
				en,
				Base,
			);
			mainGroup = 9A8BD9AD1E8F8C2C00515A66;
			productRefGroup = 9A8BD9B71E8F8C2C00515A66 /* Products */;
			projectDirPath = "";
			projectRoot = "";
			targets = (
				9A8BD9B51E8F8C2C00515A66 /* YourWay */,
				9A8BD9C91E8F8C2C00515A66 /* YourWayTests */,
			);
		};
/* End PBXProject section */

/* Begin PBXResourcesBuildPhase section */
		9A8BD9B41E8F8C2C00515A66 /* Resources */ = {
			isa = PBXResourcesBuildPhase;
			buildActionMask = 2147483647;
			files = (
				FF0FD52D1E8F9C9800A041BD /* Carousel.storyboard in Resources */,
				9A8BD9F01E8F8CDF00515A66 /* Assets.xcassets in Resources */,
				9A8BD9F11E8F8CDF00515A66 /* LaunchScreen.storyboard in Resources */,
				9A8BD9F21E8F8CDF00515A66 /* Info.plist in Resources */,
				FF0FD5361E8FBF3200A041BD /* Opportunity.storyboard in Resources */,
			);
			runOnlyForDeploymentPostprocessing = 0;
		};
		9A8BD9C81E8F8C2C00515A66 /* Resources */ = {
			isa = PBXResourcesBuildPhase;
			buildActionMask = 2147483647;
			files = (
			);
			runOnlyForDeploymentPostprocessing = 0;
		};
/* End PBXResourcesBuildPhase section */

/* Begin PBXSourcesBuildPhase section */
		9A8BD9B21E8F8C2C00515A66 /* Sources */ = {
			isa = PBXSourcesBuildPhase;
			buildActionMask = 2147483647;
			files = (
				FF0FD52B1E8F99B000A041BD /* iCarousel.m in Sources */,
				FF0FD5341E8F9F2400A041BD /* Constants.swift in Sources */,
				FF0FD5381E8FC28000A041BD /* OpportunityViewModel.swift in Sources */,
				9A8BD9F91E8F95F900515A66 /* ViperTransitioning.swift in Sources */,
				FF0FD53C1E8FC6C800A041BD /* BlurredNavigationBar.swift in Sources */,
				FF0FD5301E8F9CB600A041BD /* CarouselCardViewController.swift in Sources */,
				9A8BD9F71E8F8CF700515A66 /* AppDelegate.swift in Sources */,
				8A63FFDDA060220798A8BD4B /* CarouselViewInput.swift in Sources */,
				DFB43F0F76CABDCFB11DBBA0 /* CarouselViewOutput.swift in Sources */,
				EE6C67A303B0E3EBD3926199 /* CarouselViewController.swift in Sources */,
				812C85057F9F07E3090F1E4A /* CarouselModuleInput.swift in Sources */,
				764E3D5FC8DE8D64B85BB55A /* CarouselPresenter.swift in Sources */,
				65218B7F318ED1D26FB5635E /* CarouselInteractorInput.swift in Sources */,
				F0646D89D8CF6B4C333E67B2 /* CarouselInteractorOutput.swift in Sources */,
				4A36EE3E8A681D8460DAC0FF /* CarouselInteractor.swift in Sources */,
				D7273C8035C716E20927B59D /* CarouselRouterInput.swift in Sources */,
				D89704544E405343674FEC4D /* CarouselRouter.swift in Sources */,
				FF0FD5321E8F9EDB00A041BD /* CarouselCardViewModel.swift in Sources */,
				0EEEBC398195F6997B61DC2E /* CarouselConfigurator.swift in Sources */,
				D581D27ABC41DDD85B23F6F4 /* CarouselInitializer.swift in Sources */,
				9F4E8752417B336CDC04DAA7 /* CarouselConstants.swift in Sources */,
				277C690C392EED9CA046CA5D /* OpportunityViewInput.swift in Sources */,
				475387E3AB0DBEBE6BF543EA /* OpportunityViewOutput.swift in Sources */,
				FF0FD53A1E8FC5D300A041BD /* YourWayButton.swift in Sources */,
				4EDB6D92F52E96579801A735 /* OpportunityViewController.swift in Sources */,
				D9A3B2B58DD880D4FBF258B0 /* OpportunityModuleInput.swift in Sources */,
				C0D8B9D22E11F8783087CD05 /* OpportunityPresenter.swift in Sources */,
				3EC0D94FA15883907A1A3441 /* OpportunityInteractorInput.swift in Sources */,
				879B3041E6D788B88C972BAC /* OpportunityInteractorOutput.swift in Sources */,
				018CAFAE50FC38678F725065 /* OpportunityInteractor.swift in Sources */,
				5D3E041C72249C2B7F84EA37 /* OpportunityRouterInput.swift in Sources */,
				F12F2AC71880039A81723CBB /* OpportunityRouter.swift in Sources */,
				F42DED747E6389BFEEF900F1 /* OpportunityConfigurator.swift in Sources */,
				88375A1CA11E85E57C35DFA5 /* OpportunityInitializer.swift in Sources */,
				6CA5C3DB662A1A9F4C7F4011 /* OpportunityConstants.swift in Sources */,
			);
			runOnlyForDeploymentPostprocessing = 0;
		};
		9A8BD9C61E8F8C2C00515A66 /* Sources */ = {
			isa = PBXSourcesBuildPhase;
			buildActionMask = 2147483647;
			files = (
				9A8BD9CF1E8F8C2C00515A66 /* YourWayTests.swift in Sources */,
				FDA1D3B2900938594058D7CE /* CarouselConfiguratorTests.swift in Sources */,
				D79A30C0DDD4097042DDA270 /* CarouselViewTests.swift in Sources */,
				C979B83E87FD7145B181C9B4 /* CarouselInteractorTests.swift in Sources */,
				4AA5C5947498D7C0671B5581 /* CarouselPresenterTests.swift in Sources */,
				1AE26E51637F54260AA2B2FA /* CarouselRouterTests.swift in Sources */,
				E1315F65DA8A4E3607D7C092 /* OpportunityConfiguratorTests.swift in Sources */,
				2CFA7ECA1C8F2758DFC1B07C /* OpportunityViewTests.swift in Sources */,
				D880D2EC33986184EDC0B366 /* OpportunityInteractorTests.swift in Sources */,
				7BA296683815679BD6B8DB85 /* OpportunityPresenterTests.swift in Sources */,
				1D5C8C50B49FD43FA037E785 /* OpportunityRouterTests.swift in Sources */,
			);
			runOnlyForDeploymentPostprocessing = 0;
		};
/* End PBXSourcesBuildPhase section */

/* Begin PBXTargetDependency section */
		9A8BD9CC1E8F8C2C00515A66 /* PBXTargetDependency */ = {
			isa = PBXTargetDependency;
			target = 9A8BD9B51E8F8C2C00515A66 /* YourWay */;
			targetProxy = 9A8BD9CB1E8F8C2C00515A66 /* PBXContainerItemProxy */;
		};
/* End PBXTargetDependency section */

/* Begin PBXVariantGroup section */
		9A8BD9ED1E8F8CDF00515A66 /* LaunchScreen.storyboard */ = {
			isa = PBXVariantGroup;
			children = (
				9A8BD9EE1E8F8CDF00515A66 /* Base */,
			);
			name = LaunchScreen.storyboard;
			sourceTree = "<group>";
		};
/* End PBXVariantGroup section */

/* Begin XCBuildConfiguration section */
		9A8BD9D11E8F8C2C00515A66 /* Debug */ = {
			isa = XCBuildConfiguration;
			buildSettings = {
				ALWAYS_SEARCH_USER_PATHS = NO;
				CLANG_ANALYZER_NONNULL = YES;
				CLANG_CXX_LANGUAGE_STANDARD = "gnu++0x";
				CLANG_CXX_LIBRARY = "libc++";
				CLANG_ENABLE_MODULES = YES;
				CLANG_ENABLE_OBJC_ARC = YES;
				CLANG_WARN_BOOL_CONVERSION = YES;
				CLANG_WARN_CONSTANT_CONVERSION = YES;
				CLANG_WARN_DIRECT_OBJC_ISA_USAGE = YES_ERROR;
				CLANG_WARN_DOCUMENTATION_COMMENTS = YES;
				CLANG_WARN_EMPTY_BODY = YES;
				CLANG_WARN_ENUM_CONVERSION = YES;
				CLANG_WARN_INFINITE_RECURSION = YES;
				CLANG_WARN_INT_CONVERSION = YES;
				CLANG_WARN_OBJC_ROOT_CLASS = YES_ERROR;
				CLANG_WARN_SUSPICIOUS_MOVE = YES;
				CLANG_WARN_UNREACHABLE_CODE = YES;
				CLANG_WARN__DUPLICATE_METHOD_MATCH = YES;
				"CODE_SIGN_IDENTITY[sdk=iphoneos*]" = "iPhone Developer";
				COPY_PHASE_STRIP = NO;
				DEBUG_INFORMATION_FORMAT = dwarf;
				ENABLE_STRICT_OBJC_MSGSEND = YES;
				ENABLE_TESTABILITY = YES;
				GCC_C_LANGUAGE_STANDARD = gnu99;
				GCC_DYNAMIC_NO_PIC = NO;
				GCC_NO_COMMON_BLOCKS = YES;
				GCC_OPTIMIZATION_LEVEL = 0;
				GCC_PREPROCESSOR_DEFINITIONS = (
					"DEBUG=1",
					"$(inherited)",
				);
				GCC_WARN_64_TO_32_BIT_CONVERSION = YES;
				GCC_WARN_ABOUT_RETURN_TYPE = YES_ERROR;
				GCC_WARN_UNDECLARED_SELECTOR = YES;
				GCC_WARN_UNINITIALIZED_AUTOS = YES_AGGRESSIVE;
				GCC_WARN_UNUSED_FUNCTION = YES;
				GCC_WARN_UNUSED_VARIABLE = YES;
				IPHONEOS_DEPLOYMENT_TARGET = 10.2;
				MTL_ENABLE_DEBUG_INFO = YES;
				ONLY_ACTIVE_ARCH = YES;
				SDKROOT = iphoneos;
				SWIFT_ACTIVE_COMPILATION_CONDITIONS = DEBUG;
				SWIFT_OPTIMIZATION_LEVEL = "-Onone";
			};
			name = Debug;
		};
		9A8BD9D21E8F8C2C00515A66 /* Release */ = {
			isa = XCBuildConfiguration;
			buildSettings = {
				ALWAYS_SEARCH_USER_PATHS = NO;
				CLANG_ANALYZER_NONNULL = YES;
				CLANG_CXX_LANGUAGE_STANDARD = "gnu++0x";
				CLANG_CXX_LIBRARY = "libc++";
				CLANG_ENABLE_MODULES = YES;
				CLANG_ENABLE_OBJC_ARC = YES;
				CLANG_WARN_BOOL_CONVERSION = YES;
				CLANG_WARN_CONSTANT_CONVERSION = YES;
				CLANG_WARN_DIRECT_OBJC_ISA_USAGE = YES_ERROR;
				CLANG_WARN_DOCUMENTATION_COMMENTS = YES;
				CLANG_WARN_EMPTY_BODY = YES;
				CLANG_WARN_ENUM_CONVERSION = YES;
				CLANG_WARN_INFINITE_RECURSION = YES;
				CLANG_WARN_INT_CONVERSION = YES;
				CLANG_WARN_OBJC_ROOT_CLASS = YES_ERROR;
				CLANG_WARN_SUSPICIOUS_MOVE = YES;
				CLANG_WARN_UNREACHABLE_CODE = YES;
				CLANG_WARN__DUPLICATE_METHOD_MATCH = YES;
				"CODE_SIGN_IDENTITY[sdk=iphoneos*]" = "iPhone Developer";
				COPY_PHASE_STRIP = NO;
				DEBUG_INFORMATION_FORMAT = "dwarf-with-dsym";
				ENABLE_NS_ASSERTIONS = NO;
				ENABLE_STRICT_OBJC_MSGSEND = YES;
				GCC_C_LANGUAGE_STANDARD = gnu99;
				GCC_NO_COMMON_BLOCKS = YES;
				GCC_WARN_64_TO_32_BIT_CONVERSION = YES;
				GCC_WARN_ABOUT_RETURN_TYPE = YES_ERROR;
				GCC_WARN_UNDECLARED_SELECTOR = YES;
				GCC_WARN_UNINITIALIZED_AUTOS = YES_AGGRESSIVE;
				GCC_WARN_UNUSED_FUNCTION = YES;
				GCC_WARN_UNUSED_VARIABLE = YES;
				IPHONEOS_DEPLOYMENT_TARGET = 10.2;
				MTL_ENABLE_DEBUG_INFO = NO;
				SDKROOT = iphoneos;
				SWIFT_OPTIMIZATION_LEVEL = "-Owholemodule";
				VALIDATE_PRODUCT = YES;
			};
			name = Release;
		};
		9A8BD9D41E8F8C2C00515A66 /* Debug */ = {
			isa = XCBuildConfiguration;
			buildSettings = {
				CLANG_ENABLE_MODULES = YES;
				"CODE_SIGN_IDENTITY[sdk=iphoneos*]" = "iPhone Developer";
				DEVELOPMENT_TEAM = 553S8YDWZN;
				INFOPLIST_FILE = "$(SRCROOT)/YourWay/Resources/Info.plist";
				IPHONEOS_DEPLOYMENT_TARGET = 10;
				LD_RUNPATH_SEARCH_PATHS = "$(inherited) @executable_path/Frameworks";
				PRODUCT_BUNDLE_IDENTIFIER = mobi.mpk.YourWay;
				PRODUCT_NAME = "$(TARGET_NAME)";
				PROVISIONING_PROFILE = "ac487928-8f64-4494-b4e0-a17b2e1158a8";
				PROVISIONING_PROFILE_SPECIFIER = "Wildcard-Dev";
				SWIFT_INSTALL_OBJC_HEADER = YES;
				SWIFT_OBJC_BRIDGING_HEADER = "YourWay/Resources/YourWay-Bridging-Header.h";
				SWIFT_OPTIMIZATION_LEVEL = "-Onone";
				SWIFT_VERSION = 3.0;
			};
			name = Debug;
		};
		9A8BD9D51E8F8C2C00515A66 /* Release */ = {
			isa = XCBuildConfiguration;
			buildSettings = {
				CLANG_ENABLE_MODULES = YES;
				"CODE_SIGN_IDENTITY[sdk=iphoneos*]" = "iPhone Distribution";
				DEVELOPMENT_TEAM = 553S8YDWZN;
				INFOPLIST_FILE = "$(SRCROOT)/YourWay/Resources/Info.plist";
				IPHONEOS_DEPLOYMENT_TARGET = 10;
				LD_RUNPATH_SEARCH_PATHS = "$(inherited) @executable_path/Frameworks";
				PRODUCT_BUNDLE_IDENTIFIER = mobi.mpk.YourWay;
				PRODUCT_NAME = "$(TARGET_NAME)";
				PROVISIONING_PROFILE = "a9dc7754-f0ce-4baa-a43a-568b51126d72";
				PROVISIONING_PROFILE_SPECIFIER = Wildcard;
				SWIFT_INSTALL_OBJC_HEADER = YES;
				SWIFT_OBJC_BRIDGING_HEADER = "YourWay/Resources/YourWay-Bridging-Header.h";
				SWIFT_VERSION = 3.0;
			};
			name = Release;
		};
		9A8BD9D71E8F8C2C00515A66 /* Debug */ = {
			isa = XCBuildConfiguration;
			buildSettings = {
				ALWAYS_EMBED_SWIFT_STANDARD_LIBRARIES = YES;
				BUNDLE_LOADER = "$(TEST_HOST)";
				DEVELOPMENT_TEAM = 553S8YDWZN;
				INFOPLIST_FILE = YourWayTests/Info.plist;
				LD_RUNPATH_SEARCH_PATHS = "$(inherited) @executable_path/Frameworks @loader_path/Frameworks";
				PRODUCT_BUNDLE_IDENTIFIER = mobi.mpk.YourWayTests;
				PRODUCT_NAME = "$(TARGET_NAME)";
				SWIFT_VERSION = 3.0;
				TEST_HOST = "$(BUILT_PRODUCTS_DIR)/YourWay.app/YourWay";
			};
			name = Debug;
		};
		9A8BD9D81E8F8C2C00515A66 /* Release */ = {
			isa = XCBuildConfiguration;
			buildSettings = {
				ALWAYS_EMBED_SWIFT_STANDARD_LIBRARIES = YES;
				BUNDLE_LOADER = "$(TEST_HOST)";
				DEVELOPMENT_TEAM = 553S8YDWZN;
				INFOPLIST_FILE = YourWayTests/Info.plist;
				LD_RUNPATH_SEARCH_PATHS = "$(inherited) @executable_path/Frameworks @loader_path/Frameworks";
				PRODUCT_BUNDLE_IDENTIFIER = mobi.mpk.YourWayTests;
				PRODUCT_NAME = "$(TARGET_NAME)";
				SWIFT_VERSION = 3.0;
				TEST_HOST = "$(BUILT_PRODUCTS_DIR)/YourWay.app/YourWay";
			};
			name = Release;
		};
/* End XCBuildConfiguration section */

/* Begin XCConfigurationList section */
		9A8BD9B11E8F8C2C00515A66 /* Build configuration list for PBXProject "YourWay" */ = {
			isa = XCConfigurationList;
			buildConfigurations = (
				9A8BD9D11E8F8C2C00515A66 /* Debug */,
				9A8BD9D21E8F8C2C00515A66 /* Release */,
			);
			defaultConfigurationIsVisible = 0;
			defaultConfigurationName = Release;
		};
		9A8BD9D31E8F8C2C00515A66 /* Build configuration list for PBXNativeTarget "YourWay" */ = {
			isa = XCConfigurationList;
			buildConfigurations = (
				9A8BD9D41E8F8C2C00515A66 /* Debug */,
				9A8BD9D51E8F8C2C00515A66 /* Release */,
			);
			defaultConfigurationIsVisible = 0;
			defaultConfigurationName = Release;
		};
		9A8BD9D61E8F8C2C00515A66 /* Build configuration list for PBXNativeTarget "YourWayTests" */ = {
			isa = XCConfigurationList;
			buildConfigurations = (
				9A8BD9D71E8F8C2C00515A66 /* Debug */,
				9A8BD9D81E8F8C2C00515A66 /* Release */,
			);
			defaultConfigurationIsVisible = 0;
			defaultConfigurationName = Release;
		};
/* End XCConfigurationList section */
	};
	rootObject = 9A8BD9AE1E8F8C2C00515A66 /* Project object */;
}
